
Microsoft Visual Studio Solution File, Format Version 12.00
# Visual Studio Version 18
VisualStudioVersion = 18.1.11312.151 d18.0
MinimumVisualStudioVersion = 10.0.40219.1
Project("{FAE04EC0-301F-11D3-BF4B-00C04F79EFBC}") = "Restaurant.UI", "Restaurant.UI\Restaurant.UI.csproj", "{4F009935-CE4C-439D-8608-AAC0C9A8495A}"
EndProject
Project("{FAE04EC0-301F-11D3-BF4B-00C04F79EFBC}") = "Restaurant.UnitTests", "Restaurant.UnitTests\Restaurant.UnitTests.csproj", "{6A3CEE13-1C79-4111-ACC5-24F8C2996FBF}"
EndProject
Project("{9A19103F-16F7-4668-BE54-9A1E7A4F7556}") = "Restaurant.Infrastructure", "Restaurant.Infrastructure\Restaurant.Infrastructure.csproj", "{4E6DBBE2-0E71-4611-97D4-1640291AEC7F}"
EndProject
Project("{9A19103F-16F7-4668-BE54-9A1E7A4F7556}") = "Restaurant.ApplicationLogic", "Restaurant.ApplicationLogic\Restaurant.ApplicationLogic.csproj", "{80FD8716-E3DC-40F0-8604-30BA2F32B5C2}"
EndProject
Project("{9A19103F-16F7-4668-BE54-9A1E7A4F7556}") = "Restaurant.Domain", "Restaurant.Domain\Restaurant.Domain.csproj", "{EFF5C2FA-5D36-4949-B0C0-667177341477}"
EndProject
Project("{9A19103F-16F7-4668-BE54-9A1E7A4F7556}") = "Restaurant.IntegrationTests", "Restaurant.IntegrationTests\Restaurant.IntegrationTests.csproj", "{18A768F0-56E7-4BBA-ABBD-23D0921DAAAC}"
EndProject
Project("{FAE04EC0-301F-11D3-BF4B-00C04F79EFBC}") = "Restaurant.Migrations", "Restaurant.Migrations\Restaurant.Migrations.csproj", "{2754D48D-052E-496A-86F2-E79E790D2E56}"
EndProject
Project("{FAE04EC0-301F-11D3-BF4B-00C04F79EFBC}") = "Restaurant.API", "Restaurant.API\Restaurant.API.csproj", "{4177A910-6464-4BEC-A962-91AD6C6C52CB}"
EndProject
Global
	GlobalSection(SolutionConfigurationPlatforms) = preSolution
		Debug|Any CPU = Debug|Any CPU
		Release|Any CPU = Release|Any CPU
	EndGlobalSection
	GlobalSection(ProjectConfigurationPlatforms) = postSolution
		{4F009935-CE4C-439D-8608-AAC0C9A8495A}.Debug|Any CPU.ActiveCfg = Debug|Any CPU
		{4F009935-CE4C-439D-8608-AAC0C9A8495A}.Debug|Any CPU.Build.0 = Debug|Any CPU
		{4F009935-CE4C-439D-8608-AAC0C9A8495A}.Release|Any CPU.ActiveCfg = Release|Any CPU
		{4F009935-CE4C-439D-8608-AAC0C9A8495A}.Release|Any CPU.Build.0 = Release|Any CPU
		{6A3CEE13-1C79-4111-ACC5-24F8C2996FBF}.Debug|Any CPU.ActiveCfg = Debug|Any CPU
		{6A3CEE13-1C79-4111-ACC5-24F8C2996FBF}.Debug|Any CPU.Build.0 = Debug|Any CPU
		{6A3CEE13-1C79-4111-ACC5-24F8C2996FBF}.Release|Any CPU.ActiveCfg = Release|Any CPU
		{6A3CEE13-1C79-4111-ACC5-24F8C2996FBF}.Release|Any CPU.Build.0 = Release|Any CPU
		{4E6DBBE2-0E71-4611-97D4-1640291AEC7F}.Debug|Any CPU.ActiveCfg = Debug|Any CPU
		{4E6DBBE2-0E71-4611-97D4-1640291AEC7F}.Debug|Any CPU.Build.0 = Debug|Any CPU
		{4E6DBBE2-0E71-4611-97D4-1640291AEC7F}.Release|Any CPU.ActiveCfg = Release|Any CPU
		{4E6DBBE2-0E71-4611-97D4-1640291AEC7F}.Release|Any CPU.Build.0 = Release|Any CPU
		{80FD8716-E3DC-40F0-8604-30BA2F32B5C2}.Debug|Any CPU.ActiveCfg = Debug|Any CPU
		{80FD8716-E3DC-40F0-8604-30BA2F32B5C2}.Debug|Any CPU.Build.0 = Debug|Any CPU
		{80FD8716-E3DC-40F0-8604-30BA2F32B5C2}.Release|Any CPU.ActiveCfg = Release|Any CPU
		{80FD8716-E3DC-40F0-8604-30BA2F32B5C2}.Release|Any CPU.Build.0 = Release|Any CPU
		{EFF5C2FA-5D36-4949-B0C0-667177341477}.Debug|Any CPU.ActiveCfg = Debug|Any CPU
		{EFF5C2FA-5D36-4949-B0C0-667177341477}.Debug|Any CPU.Build.0 = Debug|Any CPU
		{EFF5C2FA-5D36-4949-B0C0-667177341477}.Release|Any CPU.ActiveCfg = Release|Any CPU
		{EFF5C2FA-5D36-4949-B0C0-667177341477}.Release|Any CPU.Build.0 = Release|Any CPU
		{18A768F0-56E7-4BBA-ABBD-23D0921DAAAC}.Debug|Any CPU.ActiveCfg = Debug|Any CPU
		{18A768F0-56E7-4BBA-ABBD-23D0921DAAAC}.Debug|Any CPU.Build.0 = Debug|Any CPU
		{18A768F0-56E7-4BBA-ABBD-23D0921DAAAC}.Release|Any CPU.ActiveCfg = Release|Any CPU
		{18A768F0-56E7-4BBA-ABBD-23D0921DAAAC}.Release|Any CPU.Build.0 = Release|Any CPU
		{2754D48D-052E-496A-86F2-E79E790D2E56}.Debug|Any CPU.ActiveCfg = Debug|Any CPU
		{2754D48D-052E-496A-86F2-E79E790D2E56}.Debug|Any CPU.Build.0 = Debug|Any CPU
		{2754D48D-052E-496A-86F2-E79E790D2E56}.Release|Any CPU.ActiveCfg = Release|Any CPU
		{2754D48D-052E-496A-86F2-E79E790D2E56}.Release|Any CPU.Build.0 = Release|Any CPU
		{4177A910-6464-4BEC-A962-91AD6C6C52CB}.Debug|Any CPU.ActiveCfg = Debug|Any CPU
		{4177A910-6464-4BEC-A962-91AD6C6C52CB}.Debug|Any CPU.Build.0 = Debug|Any CPU
		{4177A910-6464-4BEC-A962-91AD6C6C52CB}.Release|Any CPU.ActiveCfg = Release|Any CPU
		{4177A910-6464-4BEC-A962-91AD6C6C52CB}.Release|Any CPU.Build.0 = Release|Any CPU
	EndGlobalSection
	GlobalSection(SolutionProperties) = preSolution
		HideSolutionNode = FALSE
	EndGlobalSection
	GlobalSection(ExtensibilityGlobals) = postSolution
		SolutionGuid = {7D60A256-78F7-4B15-8FD5-758B4004456F}
	EndGlobalSection
EndGlobal
